
Microsoft Visual Studio Solution File, Format Version 11.00
# Visual Studio 2010
Project("{FAE04EC0-301F-11D3-BF4B-00C04F79EFBC}") = "KittyStats", "KittyStats\KittyStats.csproj", "{32B098A8-398A-4490-859D-42DF54F6C759}"
EndProject
Project("{FAE04EC0-301F-11D3-BF4B-00C04F79EFBC}") = "KittyStats.Web", "KittyStats.Web\KittyStats.Web.csproj", "{76BB42EE-DD47-4B9A-A3D9-200A4C70AFD7}"
EndProject
Global
	GlobalSection(SolutionConfigurationPlatforms) = preSolution
		Debug|Any CPU = Debug|Any CPU
		Release|Any CPU = Release|Any CPU
	EndGlobalSection
	GlobalSection(ProjectConfigurationPlatforms) = postSolution
		{32B098A8-398A-4490-859D-42DF54F6C759}.Debug|Any CPU.ActiveCfg = Debug|Any CPU
		{32B098A8-398A-4490-859D-42DF54F6C759}.Debug|Any CPU.Build.0 = Debug|Any CPU
		{32B098A8-398A-4490-859D-42DF54F6C759}.Release|Any CPU.ActiveCfg = Release|Any CPU
		{32B098A8-398A-4490-859D-42DF54F6C759}.Release|Any CPU.Build.0 = Release|Any CPU
		{76BB42EE-DD47-4B9A-A3D9-200A4C70AFD7}.Debug|Any CPU.ActiveCfg = Debug|Any CPU
		{76BB42EE-DD47-4B9A-A3D9-200A4C70AFD7}.Debug|Any CPU.Build.0 = Debug|Any CPU
		{76BB42EE-DD47-4B9A-A3D9-200A4C70AFD7}.Release|Any CPU.ActiveCfg = Release|Any CPU
		{76BB42EE-DD47-4B9A-A3D9-200A4C70AFD7}.Release|Any CPU.Build.0 = Release|Any CPU
	EndGlobalSection
	GlobalSection(SolutionProperties) = preSolution
		HideSolutionNode = FALSE
	EndGlobalSection
EndGlobal
